
Microsoft Visual Studio Solution File, Format Version 12.00
# Visual Studio Version 17
VisualStudioVersion = 17.3.32825.248
MinimumVisualStudioVersion = 10.0.40219.1
Project("{FAE04EC0-301F-11D3-BF4B-00C04F79EFBC}") = "WinFormsApp4", "WinFormsApp4.csproj", "{BCB01F33-4AD8-4DB2-B179-24E93257EA20}"
EndProject
Global
	GlobalSection(SolutionConfigurationPlatforms) = preSolution
		Debug|Any CPU = Debug|Any CPU
		Release|Any CPU = Release|Any CPU
	EndGlobalSection
	GlobalSection(ProjectConfigurationPlatforms) = postSolution
		{BCB01F33-4AD8-4DB2-B179-24E93257EA20}.Debug|Any CPU.ActiveCfg = Debug|Any CPU
		{BCB01F33-4AD8-4DB2-B179-24E93257EA20}.Debug|Any CPU.Build.0 = Debug|Any CPU
		{BCB01F33-4AD8-4DB2-B179-24E93257EA20}.Release|Any CPU.ActiveCfg = Release|Any CPU
		{BCB01F33-4AD8-4DB2-B179-24E93257EA20}.Release|Any CPU.Build.0 = Release|Any CPU
	EndGlobalSection
	GlobalSection(SolutionProperties) = preSolution
		HideSolutionNode = FALSE
	EndGlobalSection
	GlobalSection(ExtensibilityGlobals) = postSolution
		SolutionGuid = {BE4F0BE9-5376-404D-AD0B-A6423C323EF6}
	EndGlobalSection
EndGlobal
